
Microsoft Visual Studio Solution File, Format Version 12.00
# Visual Studio 15
VisualStudioVersion = 15.0.28307.329
MinimumVisualStudioVersion = 10.0.40219.1
Project("{FAE04EC0-301F-11D3-BF4B-00C04F79EFBC}") = "TodoApi", "TodoApi\TodoApi.csproj", "{EF857DE5-2989-4750-80A7-EEBBBB1735AC}"
EndProject
Global
	GlobalSection(SolutionConfigurationPlatforms) = preSolution
		Debug|Any CPU = Debug|Any CPU
		Release|Any CPU = Release|Any CPU
	EndGlobalSection
	GlobalSection(ProjectConfigurationPlatforms) = postSolution
		{EF857DE5-2989-4750-80A7-EEBBBB1735AC}.Debug|Any CPU.ActiveCfg = Debug|Any CPU
		{EF857DE5-2989-4750-80A7-EEBBBB1735AC}.Debug|Any CPU.Build.0 = Debug|Any CPU
		{EF857DE5-2989-4750-80A7-EEBBBB1735AC}.Release|Any CPU.ActiveCfg = Release|Any CPU
		{EF857DE5-2989-4750-80A7-EEBBBB1735AC}.Release|Any CPU.Build.0 = Release|Any CPU
	EndGlobalSection
	GlobalSection(SolutionProperties) = preSolution
		HideSolutionNode = FALSE
	EndGlobalSection
	GlobalSection(ExtensibilityGlobals) = postSolution
		SolutionGuid = {4A7F1B03-FF3C-4D50-B957-DCE58F87D477}
	EndGlobalSection
EndGlobal
